// !$*UTF8*$!
{
	archiveVersion = 1;
	classes = {
	};
	objectVersion = 55;
	objects = {

/* Begin PBXBuildFile section */
		53DF7FC7279DF538000CF8E9 /* AppDelegate.swift in Sources */ = {isa = PBXBuildFile; fileRef = 53DF7FC6279DF538000CF8E9 /* AppDelegate.swift */; };
		53DF7FC9279DF538000CF8E9 /* SceneDelegate.swift in Sources */ = {isa = PBXBuildFile; fileRef = 53DF7FC8279DF538000CF8E9 /* SceneDelegate.swift */; };
		53DF7FD3279DF53A000CF8E9 /* LaunchScreen.storyboard in Resources */ = {isa = PBXBuildFile; fileRef = 53DF7FD1279DF53A000CF8E9 /* LaunchScreen.storyboard */; };
		53DF7FDB279DF554000CF8E9 /* Assets.xcassets in Resources */ = {isa = PBXBuildFile; fileRef = 53DF7FDA279DF554000CF8E9 /* Assets.xcassets */; };
		53DF7FE1279DFB15000CF8E9 /* Model in Resources */ = {isa = PBXBuildFile; fileRef = 53DF7FE0279DFB15000CF8E9 /* Model */; };
		53DF7FE5279DFB90000CF8E9 /* View in Resources */ = {isa = PBXBuildFile; fileRef = 53DF7FE4279DFB90000CF8E9 /* View */; };
/* End PBXBuildFile section */

/* Begin PBXFileReference section */
		53DF7FC3279DF538000CF8E9 /* quiz-secao9.app */ = {isa = PBXFileReference; explicitFileType = wrapper.application; includeInIndex = 0; path = "quiz-secao9.app"; sourceTree = BUILT_PRODUCTS_DIR; };
		53DF7FC6279DF538000CF8E9 /* AppDelegate.swift */ = {isa = PBXFileReference; lastKnownFileType = sourcecode.swift; path = AppDelegate.swift; sourceTree = "<group>"; };
		53DF7FC8279DF538000CF8E9 /* SceneDelegate.swift */ = {isa = PBXFileReference; lastKnownFileType = sourcecode.swift; path = SceneDelegate.swift; sourceTree = "<group>"; };
		53DF7FD2279DF53A000CF8E9 /* Base */ = {isa = PBXFileReference; lastKnownFileType = file.storyboard; name = Base; path = Base.lproj/LaunchScreen.storyboard; sourceTree = "<group>"; };
		53DF7FD4279DF53A000CF8E9 /* Info.plist */ = {isa = PBXFileReference; lastKnownFileType = text.plist.xml; path = Info.plist; sourceTree = "<group>"; };
		53DF7FDA279DF554000CF8E9 /* Assets.xcassets */ = {isa = PBXFileReference; lastKnownFileType = folder.assetcatalog; name = Assets.xcassets; path = "../../../../Downloads/Quizzler-MultipleChoice-iOS13-Completed-master/Quizzler-iOS13/Assets.xcassets"; sourceTree = "<group>"; };
		53DF7FE0279DFB15000CF8E9 /* Model */ = {isa = PBXFileReference; lastKnownFileType = folder; name = Model; path = "../../../../Downloads/Quizzler-MultipleChoice-iOS13-Completed-master/Quizzler-iOS13/Model"; sourceTree = "<group>"; };
		53DF7FE4279DFB90000CF8E9 /* View */ = {isa = PBXFileReference; lastKnownFileType = folder; name = View; path = "../../../../Downloads/Quizzler-MultipleChoice-iOS13-Completed-master/Quizzler-iOS13/Model/View"; sourceTree = "<group>"; };
/* End PBXFileReference section */

/* Begin PBXFrameworksBuildPhase section */
		53DF7FC0279DF538000CF8E9 /* Frameworks */ = {
			isa = PBXFrameworksBuildPhase;
			buildActionMask = 2147483647;
			files = (
			);
			runOnlyForDeploymentPostprocessing = 0;
		};
/* End PBXFrameworksBuildPhase section */

/* Begin PBXGroup section */
		53DF7FBA279DF538000CF8E9 = {
			isa = PBXGroup;
			children = (
				53DF7FC5279DF538000CF8E9 /* quiz-secao9 */,
				53DF7FC4279DF538000CF8E9 /* Products */,
			);
			sourceTree = "<group>";
		};
		53DF7FC4279DF538000CF8E9 /* Products */ = {
			isa = PBXGroup;
			children = (
				53DF7FC3279DF538000CF8E9 /* quiz-secao9.app */,
			);
			name = Products;
			sourceTree = "<group>";
		};
		53DF7FC5279DF538000CF8E9 /* quiz-secao9 */ = {
			isa = PBXGroup;
			children = (
				53DF7FDF279DFAE5000CF8E9 /* quizer */,
				53DF7FE4279DFB90000CF8E9 /* View */,
				53DF7FE0279DFB15000CF8E9 /* Model */,
				53DF7FE3279DFB5E000CF8E9 /* New Group */,
				53DF7FDA279DF554000CF8E9 /* Assets.xcassets */,
				53DF7FD1279DF53A000CF8E9 /* LaunchScreen.storyboard */,
				53DF7FD4279DF53A000CF8E9 /* Info.plist */,
			);
			path = "quiz-secao9";
			sourceTree = "<group>";
		};
		53DF7FDF279DFAE5000CF8E9 /* quizer */ = {
			isa = PBXGroup;
			children = (
				53DF7FC6279DF538000CF8E9 /* AppDelegate.swift */,
				53DF7FC8279DF538000CF8E9 /* SceneDelegate.swift */,
			);
			path = quizer;
			sourceTree = "<group>";
		};
		53DF7FE3279DFB5E000CF8E9 /* New Group */ = {
			isa = PBXGroup;
			children = (
			);
			path = "New Group";
			sourceTree = "<group>";
		};
/* End PBXGroup section */

/* Begin PBXNativeTarget section */
		53DF7FC2279DF538000CF8E9 /* quiz-secao9 */ = {
			isa = PBXNativeTarget;
			buildConfigurationList = 53DF7FD7279DF53A000CF8E9 /* Build configuration list for PBXNativeTarget "quiz-secao9" */;
			buildPhases = (
				53DF7FBF279DF538000CF8E9 /* Sources */,
				53DF7FC0279DF538000CF8E9 /* Frameworks */,
				53DF7FC1279DF538000CF8E9 /* Resources */,
			);
			buildRules = (
			);
			dependencies = (
			);
			name = "quiz-secao9";
			productName = "quiz-secao9";
			productReference = 53DF7FC3279DF538000CF8E9 /* quiz-secao9.app */;
			productType = "com.apple.product-type.application";
		};
/* End PBXNativeTarget section */

/* Begin PBXProject section */
		53DF7FBB279DF538000CF8E9 /* Project object */ = {
			isa = PBXProject;
			attributes = {
				BuildIndependentTargetsInParallel = 1;
				LastSwiftUpdateCheck = 1320;
				LastUpgradeCheck = 1320;
				TargetAttributes = {
					53DF7FC2279DF538000CF8E9 = {
						CreatedOnToolsVersion = 13.2.1;
					};
				};
			};
			buildConfigurationList = 53DF7FBE279DF538000CF8E9 /* Build configuration list for PBXProject "quiz-secao9" */;
			compatibilityVersion = "Xcode 13.0";
			developmentRegion = en;
			hasScannedForEncodings = 0;
			knownRegions = (
				en,
				Base,
			);
			mainGroup = 53DF7FBA279DF538000CF8E9;
			productRefGroup = 53DF7FC4279DF538000CF8E9 /* Products */;
			projectDirPath = "";
			projectRoot = "";
			targets = (
				53DF7FC2279DF538000CF8E9 /* quiz-secao9 */,
			);
		};
/* End PBXProject section */

/* Begin PBXResourcesBuildPhase section */
		53DF7FC1279DF538000CF8E9 /* Resources */ = {
			isa = PBXResourcesBuildPhase;
			buildActionMask = 2147483647;
			files = (
				53DF7FD3279DF53A000CF8E9 /* LaunchScreen.storyboard in Resources */,
				53DF7FDB279DF554000CF8E9 /* Assets.xcassets in Resources */,
				53DF7FE1279DFB15000CF8E9 /* Model in Resources */,
				53DF7FE5279DFB90000CF8E9 /* View in Resources */,
			);
			runOnlyForDeploymentPostprocessing = 0;
		};
/* End PBXResourcesBuildPhase section */

/* Begin PBXSourcesBuildPhase section */
		53DF7FBF279DF538000CF8E9 /* Sources */ = {
			isa = PBXSourcesBuildPhase;
			buildActionMask = 2147483647;
			files = (
				53DF7FC7279DF538000CF8E9 /* AppDelegate.swift in Sources */,
				53DF7FC9279DF538000CF8E9 /* SceneDelegate.swift in Sources */,
			);
			runOnlyForDeploymentPostprocessing = 0;
		};
/* End PBXSourcesBuildPhase section */

/* Begin PBXVariantGroup section */
		53DF7FD1279DF53A000CF8E9 /* LaunchScreen.storyboard */ = {
			isa = PBXVariantGroup;
			children = (
				53DF7FD2279DF53A000CF8E9 /* Base */,
			);
			name = LaunchScreen.storyboard;
			sourceTree = "<group>";
		};
/* End PBXVariantGroup section */

/* Begin XCBuildConfiguration section */
		53DF7FD5279DF53A000CF8E9 /* Debug */ = {
			isa = XCBuildConfiguration;
			buildSettings = {
				ALWAYS_SEARCH_USER_PATHS = NO;
				CLANG_ANALYZER_NONNULL = YES;
				CLANG_ANALYZER_NUMBER_OBJECT_CONVERSION = YES_AGGRESSIVE;
				CLANG_CXX_LANGUAGE_STANDARD = "gnu++17";
				CLANG_CXX_LIBRARY = "libc++";
				CLANG_ENABLE_MODULES = YES;
				CLANG_ENABLE_OBJC_ARC = YES;
				CLANG_ENABLE_OBJC_WEAK = YES;
				CLANG_WARN_BLOCK_CAPTURE_AUTORELEASING = YES;
				CLANG_WARN_BOOL_CONVERSION = YES;
				CLANG_WARN_COMMA = YES;
				CLANG_WARN_CONSTANT_CONVERSION = YES;
				CLANG_WARN_DEPRECATED_OBJC_IMPLEMENTATIONS = YES;
				CLANG_WARN_DIRECT_OBJC_ISA_USAGE = YES_ERROR;
				CLANG_WARN_DOCUMENTATION_COMMENTS = YES;
				CLANG_WARN_EMPTY_BODY = YES;
				CLANG_WARN_ENUM_CONVERSION = YES;
				CLANG_WARN_INFINITE_RECURSION = YES;
				CLANG_WARN_INT_CONVERSION = YES;
				CLANG_WARN_NON_LITERAL_NULL_CONVERSION = YES;
				CLANG_WARN_OBJC_IMPLICIT_RETAIN_SELF = YES;
				CLANG_WARN_OBJC_LITERAL_CONVERSION = YES;
				CLANG_WARN_OBJC_ROOT_CLASS = YES_ERROR;
				CLANG_WARN_QUOTED_INCLUDE_IN_FRAMEWORK_HEADER = YES;
				CLANG_WARN_RANGE_LOOP_ANALYSIS = YES;
				CLANG_WARN_STRICT_PROTOTYPES = YES;
				CLANG_WARN_SUSPICIOUS_MOVE = YES;
				CLANG_WARN_UNGUARDED_AVAILABILITY = YES_AGGRESSIVE;
				CLANG_WARN_UNREACHABLE_CODE = YES;
				CLANG_WARN__DUPLICATE_METHOD_MATCH = YES;
				COPY_PHASE_STRIP = NO;
				DEBUG_INFORMATION_FORMAT = dwarf;
				ENABLE_STRICT_OBJC_MSGSEND = YES;
				ENABLE_TESTABILITY = YES;
				GCC_C_LANGUAGE_STANDARD = gnu11;
				GCC_DYNAMIC_NO_PIC = NO;
				GCC_NO_COMMON_BLOCKS = YES;
				GCC_OPTIMIZATION_LEVEL = 0;
				GCC_PREPROCESSOR_DEFINITIONS = (
					"DEBUG=1",
					"$(inherited)",
				);
				GCC_WARN_64_TO_32_BIT_CONVERSION = YES;
				GCC_WARN_ABOUT_RETURN_TYPE = YES_ERROR;
				GCC_WARN_UNDECLARED_SELECTOR = YES;
				GCC_WARN_UNINITIALIZED_AUTOS = YES_AGGRESSIVE;
				GCC_WARN_UNUSED_FUNCTION = YES;
				GCC_WARN_UNUSED_VARIABLE = YES;
				IPHONEOS_DEPLOYMENT_TARGET = 15.2;
				MTL_ENABLE_DEBUG_INFO = INCLUDE_SOURCE;
				MTL_FAST_MATH = YES;
				ONLY_ACTIVE_ARCH = YES;
				SDKROOT = iphoneos;
				SWIFT_ACTIVE_COMPILATION_CONDITIONS = DEBUG;
				SWIFT_OPTIMIZATION_LEVEL = "-Onone";
			};
			name = Debug;
		};
		53DF7FD6279DF53A000CF8E9 /* Release */ = {
			isa = XCBuildConfiguration;
			buildSettings = {
				ALWAYS_SEARCH_USER_PATHS = NO;
				CLANG_ANALYZER_NONNULL = YES;
				CLANG_ANALYZER_NUMBER_OBJECT_CONVERSION = YES_AGGRESSIVE;
				CLANG_CXX_LANGUAGE_STANDARD = "gnu++17";
				CLANG_CXX_LIBRARY = "libc++";
				CLANG_ENABLE_MODULES = YES;
				CLANG_ENABLE_OBJC_ARC = YES;
				CLANG_ENABLE_OBJC_WEAK = YES;
				CLANG_WARN_BLOCK_CAPTURE_AUTORELEASING = YES;
				CLANG_WARN_BOOL_CONVERSION = YES;
				CLANG_WARN_COMMA = YES;
				CLANG_WARN_CONSTANT_CONVERSION = YES;
				CLANG_WARN_DEPRECATED_OBJC_IMPLEMENTATIONS = YES;
				CLANG_WARN_DIRECT_OBJC_ISA_USAGE = YES_ERROR;
				CLANG_WARN_DOCUMENTATION_COMMENTS = YES;
				CLANG_WARN_EMPTY_BODY = YES;
				CLANG_WARN_ENUM_CONVERSION = YES;
				CLANG_WARN_INFINITE_RECURSION = YES;
				CLANG_WARN_INT_CONVERSION = YES;
				CLANG_WARN_NON_LITERAL_NULL_CONVERSION = YES;
				CLANG_WARN_OBJC_IMPLICIT_RETAIN_SELF = YES;
				CLANG_WARN_OBJC_LITERAL_CONVERSION = YES;
				CLANG_WARN_OBJC_ROOT_CLASS = YES_ERROR;
				CLANG_WARN_QUOTED_INCLUDE_IN_FRAMEWORK_HEADER = YES;
				CLANG_WARN_RANGE_LOOP_ANALYSIS = YES;
				CLANG_WARN_STRICT_PROTOTYPES = YES;
				CLANG_WARN_SUSPICIOUS_MOVE = YES;
				CLANG_WARN_UNGUARDED_AVAILABILITY = YES_AGGRESSIVE;
				CLANG_WARN_UNREACHABLE_CODE = YES;
				CLANG_WARN__DUPLICATE_METHOD_MATCH = YES;
				COPY_PHASE_STRIP = NO;
				DEBUG_INFORMATION_FORMAT = "dwarf-with-dsym";
				ENABLE_NS_ASSERTIONS = NO;
				ENABLE_STRICT_OBJC_MSGSEND = YES;
				GCC_C_LANGUAGE_STANDARD = gnu11;
				GCC_NO_COMMON_BLOCKS = YES;
				GCC_WARN_64_TO_32_BIT_CONVERSION = YES;
				GCC_WARN_ABOUT_RETURN_TYPE = YES_ERROR;
				GCC_WARN_UNDECLARED_SELECTOR = YES;
				GCC_WARN_UNINITIALIZED_AUTOS = YES_AGGRESSIVE;
				GCC_WARN_UNUSED_FUNCTION = YES;
				GCC_WARN_UNUSED_VARIABLE = YES;
				IPHONEOS_DEPLOYMENT_TARGET = 15.2;
				MTL_ENABLE_DEBUG_INFO = NO;
				MTL_FAST_MATH = YES;
				SDKROOT = iphoneos;
				SWIFT_COMPILATION_MODE = wholemodule;
				SWIFT_OPTIMIZATION_LEVEL = "-O";
				VALIDATE_PRODUCT = YES;
			};
			name = Release;
		};
		53DF7FD8279DF53A000CF8E9 /* Debug */ = {
			isa = XCBuildConfiguration;
			buildSettings = {
				ASSETCATALOG_COMPILER_APPICON_NAME = AppIcon;
				ASSETCATALOG_COMPILER_GLOBAL_ACCENT_COLOR_NAME = AccentColor;
				CODE_SIGN_STYLE = Automatic;
				CURRENT_PROJECT_VERSION = 1;
				DEVELOPMENT_TEAM = B97QWMT458;
				GENERATE_INFOPLIST_FILE = YES;
				INFOPLIST_FILE = "quiz-secao9/Info.plist";
				INFOPLIST_KEY_UIApplicationSupportsIndirectInputEvents = YES;
				INFOPLIST_KEY_UILaunchStoryboardName = LaunchScreen;
				INFOPLIST_KEY_UIMainStoryboardFile = Main;
				INFOPLIST_KEY_UISupportedInterfaceOrientations_iPad = "UIInterfaceOrientationPortrait UIInterfaceOrientationPortraitUpsideDown UIInterfaceOrientationLandscapeLeft UIInterfaceOrientationLandscapeRight";
				INFOPLIST_KEY_UISupportedInterfaceOrientations_iPhone = "UIInterfaceOrientationPortrait UIInterfaceOrientationLandscapeLeft UIInterfaceOrientationLandscapeRight";
				LD_RUNPATH_SEARCH_PATHS = (
					"$(inherited)",
					"@executable_path/Frameworks",
				);
				MARKETING_VERSION = 1.0;
				PRODUCT_BUNDLE_IDENTIFIER = "PaolaSoares.quiz-secao9";
				PRODUCT_NAME = "$(TARGET_NAME)";
				SWIFT_EMIT_LOC_STRINGS = YES;
				SWIFT_VERSION = 5.0;
				TARGETED_DEVICE_FAMILY = "1,2";
			};
			name = Debug;
		};
		53DF7FD9279DF53A000CF8E9 /* Release */ = {
			isa = XCBuildConfiguration;
			buildSettings = {
				ASSETCATALOG_COMPILER_APPICON_NAME = AppIcon;
				ASSETCATALOG_COMPILER_GLOBAL_ACCENT_COLOR_NAME = AccentColor;
				CODE_SIGN_STYLE = Automatic;
				CURRENT_PROJECT_VERSION = 1;
				DEVELOPMENT_TEAM = B97QWMT458;
				GENERATE_INFOPLIST_FILE = YES;
				INFOPLIST_FILE = "quiz-secao9/Info.plist";
				INFOPLIST_KEY_UIApplicationSupportsIndirectInputEvents = YES;
				INFOPLIST_KEY_UILaunchStoryboardName = LaunchScreen;
				INFOPLIST_KEY_UIMainStoryboardFile = Main;
				INFOPLIST_KEY_UISupportedInterfaceOrientations_iPad = "UIInterfaceOrientationPortrait UIInterfaceOrientationPortraitUpsideDown UIInterfaceOrientationLandscapeLeft UIInterfaceOrientationLandscapeRight";
				INFOPLIST_KEY_UISupportedInterfaceOrientations_iPhone = "UIInterfaceOrientationPortrait UIInterfaceOrientationLandscapeLeft UIInterfaceOrientationLandscapeRight";
				LD_RUNPATH_SEARCH_PATHS = (
					"$(inherited)",
					"@executable_path/Frameworks",
				);
				MARKETING_VERSION = 1.0;
				PRODUCT_BUNDLE_IDENTIFIER = "PaolaSoares.quiz-secao9";
				PRODUCT_NAME = "$(TARGET_NAME)";
				SWIFT_EMIT_LOC_STRINGS = YES;
				SWIFT_VERSION = 5.0;
				TARGETED_DEVICE_FAMILY = "1,2";
			};
			name = Release;
		};
/* End XCBuildConfiguration section */

/* Begin XCConfigurationList section */
		53DF7FBE279DF538000CF8E9 /* Build configuration list for PBXProject "quiz-secao9" */ = {
			isa = XCConfigurationList;
			buildConfigurations = (
				53DF7FD5279DF53A000CF8E9 /* Debug */,
				53DF7FD6279DF53A000CF8E9 /* Release */,
			);
			defaultConfigurationIsVisible = 0;
			defaultConfigurationName = Release;
		};
		53DF7FD7279DF53A000CF8E9 /* Build configuration list for PBXNativeTarget "quiz-secao9" */ = {
			isa = XCConfigurationList;
			buildConfigurations = (
				53DF7FD8279DF53A000CF8E9 /* Debug */,
				53DF7FD9279DF53A000CF8E9 /* Release */,
			);
			defaultConfigurationIsVisible = 0;
			defaultConfigurationName = Release;
		};
/* End XCConfigurationList section */
	};
	rootObject = 53DF7FBB279DF538000CF8E9 /* Project object */;
}
